
Microsoft Visual Studio Solution File, Format Version 12.00
# Visual Studio Version 17
VisualStudioVersion = 17.6.33801.468
MinimumVisualStudioVersion = 10.0.40219.1
Project("{8BC9CEB8-8B4A-11D0-8D11-00A0C91BC942}") = "Lab1", "Lab1\Lab1.vcxproj", "{D50682A1-89D4-48C1-A823-F2AB9DE5B15E}"
EndProject
Project("{8BC9CEB8-8B4A-11D0-8D11-00A0C91BC942}") = "Lab2", "Lab2\Lab2.vcxproj", "{50E1E128-3501-4E51-84D8-DB2BD89F82D9}"
EndProject
Project("{8BC9CEB8-8B4A-11D0-8D11-00A0C91BC942}") = "Lab3", "Lab3\Lab3.vcxproj", "{5457AB52-6830-45BB-909D-EA959BDBE92B}"
EndProject
Project("{8BC9CEB8-8B4A-11D0-8D11-00A0C91BC942}") = "Lab4", "Lab4\Lab4.vcxproj", "{070A88BB-A301-4E62-A466-B9B17A429BCE}"
EndProject
Project("{8BC9CEB8-8B4A-11D0-8D11-00A0C91BC942}") = "Lab5", "Lab5\Lab5.vcxproj", "{C53360A7-EF65-4A1E-A299-B67A7BA6572E}"
EndProject
Project("{8BC9CEB8-8B4A-11D0-8D11-00A0C91BC942}") = "Lab6", "Lab6\Lab6.vcxproj", "{84C58164-3978-4E28-8875-8C9DB72F72E9}"
EndProject
Project("{8BC9CEB8-8B4A-11D0-8D11-00A0C91BC942}") = "Lab7", "Lab7\Lab7.vcxproj", "{D3BD1721-4C83-4F19-82A4-3913CF96AADC}"
EndProject
Project("{8BC9CEB8-8B4A-11D0-8D11-00A0C91BC942}") = "Lab8", "Lab8\Lab8.vcxproj", "{00D63FF8-B81A-4B17-B4A4-BF4CEFA6FD66}"
EndProject
Project("{8BC9CEB8-8B4A-11D0-8D11-00A0C91BC942}") = "Lab9", "Lab9\Lab9.vcxproj", "{B7956DE6-3128-483B-808F-0F650A634087}"
EndProject
Project("{8BC9CEB8-8B4A-11D0-8D11-00A0C91BC942}") = "Lab10", "Lab10\Lab10.vcxproj", "{5515E584-2A8F-4BA1-B70D-C9C876D5AD44}"
EndProject
Global
	GlobalSection(SolutionConfigurationPlatforms) = preSolution
		Debug|x64 = Debug|x64
		Debug|x86 = Debug|x86
		Release|x64 = Release|x64
		Release|x86 = Release|x86
	EndGlobalSection
	GlobalSection(ProjectConfigurationPlatforms) = postSolution
		{D50682A1-89D4-48C1-A823-F2AB9DE5B15E}.Debug|x64.ActiveCfg = Debug|x64
		{D50682A1-89D4-48C1-A823-F2AB9DE5B15E}.Debug|x64.Build.0 = Debug|x64
		{D50682A1-89D4-48C1-A823-F2AB9DE5B15E}.Debug|x86.ActiveCfg = Debug|Win32
		{D50682A1-89D4-48C1-A823-F2AB9DE5B15E}.Debug|x86.Build.0 = Debug|Win32
		{D50682A1-89D4-48C1-A823-F2AB9DE5B15E}.Release|x64.ActiveCfg = Release|x64
		{D50682A1-89D4-48C1-A823-F2AB9DE5B15E}.Release|x64.Build.0 = Release|x64
		{D50682A1-89D4-48C1-A823-F2AB9DE5B15E}.Release|x86.ActiveCfg = Release|Win32
		{D50682A1-89D4-48C1-A823-F2AB9DE5B15E}.Release|x86.Build.0 = Release|Win32
		{50E1E128-3501-4E51-84D8-DB2BD89F82D9}.Debug|x64.ActiveCfg = Debug|x64
		{50E1E128-3501-4E51-84D8-DB2BD89F82D9}.Debug|x64.Build.0 = Debug|x64
		{50E1E128-3501-4E51-84D8-DB2BD89F82D9}.Debug|x86.ActiveCfg = Debug|Win32
		{50E1E128-3501-4E51-84D8-DB2BD89F82D9}.Debug|x86.Build.0 = Debug|Win32
		{50E1E128-3501-4E51-84D8-DB2BD89F82D9}.Release|x64.ActiveCfg = Release|x64
		{50E1E128-3501-4E51-84D8-DB2BD89F82D9}.Release|x64.Build.0 = Release|x64
		{50E1E128-3501-4E51-84D8-DB2BD89F82D9}.Release|x86.ActiveCfg = Release|Win32
		{50E1E128-3501-4E51-84D8-DB2BD89F82D9}.Release|x86.Build.0 = Release|Win32
		{5457AB52-6830-45BB-909D-EA959BDBE92B}.Debug|x64.ActiveCfg = Debug|x64
		{5457AB52-6830-45BB-909D-EA959BDBE92B}.Debug|x64.Build.0 = Debug|x64
		{5457AB52-6830-45BB-909D-EA959BDBE92B}.Debug|x86.ActiveCfg = Debug|Win32
		{5457AB52-6830-45BB-909D-EA959BDBE92B}.Debug|x86.Build.0 = Debug|Win32
		{5457AB52-6830-45BB-909D-EA959BDBE92B}.Release|x64.ActiveCfg = Release|x64
		{5457AB52-6830-45BB-909D-EA959BDBE92B}.Release|x64.Build.0 = Release|x64
		{5457AB52-6830-45BB-909D-EA959BDBE92B}.Release|x86.ActiveCfg = Release|Win32
		{5457AB52-6830-45BB-909D-EA959BDBE92B}.Release|x86.Build.0 = Release|Win32
		{070A88BB-A301-4E62-A466-B9B17A429BCE}.Debug|x64.ActiveCfg = Debug|x64
		{070A88BB-A301-4E62-A466-B9B17A429BCE}.Debug|x64.Build.0 = Debug|x64
		{070A88BB-A301-4E62-A466-B9B17A429BCE}.Debug|x86.ActiveCfg = Debug|Win32
		{070A88BB-A301-4E62-A466-B9B17A429BCE}.Debug|x86.Build.0 = Debug|Win32
		{070A88BB-A301-4E62-A466-B9B17A429BCE}.Release|x64.ActiveCfg = Release|x64
		{070A88BB-A301-4E62-A466-B9B17A429BCE}.Release|x64.Build.0 = Release|x64
		{070A88BB-A301-4E62-A466-B9B17A429BCE}.Release|x86.ActiveCfg = Release|Win32
		{070A88BB-A301-4E62-A466-B9B17A429BCE}.Release|x86.Build.0 = Release|Win32
		{C53360A7-EF65-4A1E-A299-B67A7BA6572E}.Debug|x64.ActiveCfg = Debug|x64
		{C53360A7-EF65-4A1E-A299-B67A7BA6572E}.Debug|x64.Build.0 = Debug|x64
		{C53360A7-EF65-4A1E-A299-B67A7BA6572E}.Debug|x86.ActiveCfg = Debug|Win32
		{C53360A7-EF65-4A1E-A299-B67A7BA6572E}.Debug|x86.Build.0 = Debug|Win32
		{C53360A7-EF65-4A1E-A299-B67A7BA6572E}.Release|x64.ActiveCfg = Release|x64
		{C53360A7-EF65-4A1E-A299-B67A7BA6572E}.Release|x64.Build.0 = Release|x64
		{C53360A7-EF65-4A1E-A299-B67A7BA6572E}.Release|x86.ActiveCfg = Release|Win32
		{C53360A7-EF65-4A1E-A299-B67A7BA6572E}.Release|x86.Build.0 = Release|Win32
		{84C58164-3978-4E28-8875-8C9DB72F72E9}.Debug|x64.ActiveCfg = Debug|x64
		{84C58164-3978-4E28-8875-8C9DB72F72E9}.Debug|x64.Build.0 = Debug|x64
		{84C58164-3978-4E28-8875-8C9DB72F72E9}.Debug|x86.ActiveCfg = Debug|Win32
		{84C58164-3978-4E28-8875-8C9DB72F72E9}.Debug|x86.Build.0 = Debug|Win32
		{84C58164-3978-4E28-8875-8C9DB72F72E9}.Release|x64.ActiveCfg = Release|x64
		{84C58164-3978-4E28-8875-8C9DB72F72E9}.Release|x64.Build.0 = Release|x64
		{84C58164-3978-4E28-8875-8C9DB72F72E9}.Release|x86.ActiveCfg = Release|Win32
		{84C58164-3978-4E28-8875-8C9DB72F72E9}.Release|x86.Build.0 = Release|Win32
		{D3BD1721-4C83-4F19-82A4-3913CF96AADC}.Debug|x64.ActiveCfg = Debug|x64
		{D3BD1721-4C83-4F19-82A4-3913CF96AADC}.Debug|x64.Build.0 = Debug|x64
		{D3BD1721-4C83-4F19-82A4-3913CF96AADC}.Debug|x86.ActiveCfg = Debug|Win32
		{D3BD1721-4C83-4F19-82A4-3913CF96AADC}.Debug|x86.Build.0 = Debug|Win32
		{D3BD1721-4C83-4F19-82A4-3913CF96AADC}.Release|x64.ActiveCfg = Release|x64
		{D3BD1721-4C83-4F19-82A4-3913CF96AADC}.Release|x64.Build.0 = Release|x64
		{D3BD1721-4C83-4F19-82A4-3913CF96AADC}.Release|x86.ActiveCfg = Release|Win32
		{D3BD1721-4C83-4F19-82A4-3913CF96AADC}.Release|x86.Build.0 = Release|Win32
		{00D63FF8-B81A-4B17-B4A4-BF4CEFA6FD66}.Debug|x64.ActiveCfg = Debug|x64
		{00D63FF8-B81A-4B17-B4A4-BF4CEFA6FD66}.Debug|x64.Build.0 = Debug|x64
		{00D63FF8-B81A-4B17-B4A4-BF4CEFA6FD66}.Debug|x86.ActiveCfg = Debug|Win32
		{00D63FF8-B81A-4B17-B4A4-BF4CEFA6FD66}.Debug|x86.Build.0 = Debug|Win32
		{00D63FF8-B81A-4B17-B4A4-BF4CEFA6FD66}.Release|x64.ActiveCfg = Release|x64
		{00D63FF8-B81A-4B17-B4A4-BF4CEFA6FD66}.Release|x64.Build.0 = Release|x64
		{00D63FF8-B81A-4B17-B4A4-BF4CEFA6FD66}.Release|x86.ActiveCfg = Release|Win32
		{00D63FF8-B81A-4B17-B4A4-BF4CEFA6FD66}.Release|x86.Build.0 = Release|Win32
		{B7956DE6-3128-483B-808F-0F650A634087}.Debug|x64.ActiveCfg = Debug|x64
		{B7956DE6-3128-483B-808F-0F650A634087}.Debug|x64.Build.0 = Debug|x64
		{B7956DE6-3128-483B-808F-0F650A634087}.Debug|x86.ActiveCfg = Debug|Win32
		{B7956DE6-3128-483B-808F-0F650A634087}.Debug|x86.Build.0 = Debug|Win32
		{B7956DE6-3128-483B-808F-0F650A634087}.Release|x64.ActiveCfg = Release|x64
		{B7956DE6-3128-483B-808F-0F650A634087}.Release|x64.Build.0 = Release|x64
		{B7956DE6-3128-483B-808F-0F650A634087}.Release|x86.ActiveCfg = Release|Win32
		{B7956DE6-3128-483B-808F-0F650A634087}.Release|x86.Build.0 = Release|Win32
		{5515E584-2A8F-4BA1-B70D-C9C876D5AD44}.Debug|x64.ActiveCfg = Debug|x64
		{5515E584-2A8F-4BA1-B70D-C9C876D5AD44}.Debug|x64.Build.0 = Debug|x64
		{5515E584-2A8F-4BA1-B70D-C9C876D5AD44}.Debug|x86.ActiveCfg = Debug|Win32
		{5515E584-2A8F-4BA1-B70D-C9C876D5AD44}.Debug|x86.Build.0 = Debug|Win32
		{5515E584-2A8F-4BA1-B70D-C9C876D5AD44}.Release|x64.ActiveCfg = Release|x64
		{5515E584-2A8F-4BA1-B70D-C9C876D5AD44}.Release|x64.Build.0 = Release|x64
		{5515E584-2A8F-4BA1-B70D-C9C876D5AD44}.Release|x86.ActiveCfg = Release|Win32
		{5515E584-2A8F-4BA1-B70D-C9C876D5AD44}.Release|x86.Build.0 = Release|Win32
	EndGlobalSection
	GlobalSection(SolutionProperties) = preSolution
		HideSolutionNode = FALSE
	EndGlobalSection
	GlobalSection(ExtensibilityGlobals) = postSolution
		SolutionGuid = {7F0E5E9F-A987-4134-8ED4-2B362DE17A37}
	EndGlobalSection
EndGlobal
